
Microsoft Visual Studio Solution File, Format Version 12.00
# Visual Studio 15
VisualStudioVersion = 15.0.28307.645
MinimumVisualStudioVersion = 10.0.40219.1
Project("{FAE04EC0-301F-11D3-BF4B-00C04F79EFBC}") = "WindowsFormsApp6", "WindowsFormsApp6\WindowsFormsApp6.csproj", "{80CD29B5-26C7-4FD5-B0BA-AAC81309ED9E}"
EndProject
Global
	GlobalSection(SolutionConfigurationPlatforms) = preSolution
		Debug|Any CPU = Debug|Any CPU
		Release|Any CPU = Release|Any CPU
	EndGlobalSection
	GlobalSection(ProjectConfigurationPlatforms) = postSolution
		{80CD29B5-26C7-4FD5-B0BA-AAC81309ED9E}.Debug|Any CPU.ActiveCfg = Debug|Any CPU
		{80CD29B5-26C7-4FD5-B0BA-AAC81309ED9E}.Debug|Any CPU.Build.0 = Debug|Any CPU
		{80CD29B5-26C7-4FD5-B0BA-AAC81309ED9E}.Release|Any CPU.ActiveCfg = Release|Any CPU
		{80CD29B5-26C7-4FD5-B0BA-AAC81309ED9E}.Release|Any CPU.Build.0 = Release|Any CPU
	EndGlobalSection
	GlobalSection(SolutionProperties) = preSolution
		HideSolutionNode = FALSE
	EndGlobalSection
	GlobalSection(ExtensibilityGlobals) = postSolution
		SolutionGuid = {7BAFD24A-49DF-4E3B-A72D-6222B4BD195C}
	EndGlobalSection
EndGlobal
